
Microsoft Visual Studio Solution File, Format Version 12.00
# Visual Studio Version 16
VisualStudioVersion = 16.0.30717.126
MinimumVisualStudioVersion = 10.0.40219.1
Project("{FAE04EC0-301F-11D3-BF4B-00C04F79EFBC}") = "OnlineStoreAngular", "OnlineStoreAngular\OnlineStoreAngular.csproj", "{45987A30-CB7D-419C-B206-B52258F8298E}"
EndProject
Global
	GlobalSection(SolutionConfigurationPlatforms) = preSolution
		Debug|Any CPU = Debug|Any CPU
		Release|Any CPU = Release|Any CPU
	EndGlobalSection
	GlobalSection(ProjectConfigurationPlatforms) = postSolution
		{45987A30-CB7D-419C-B206-B52258F8298E}.Debug|Any CPU.ActiveCfg = Debug|Any CPU
		{45987A30-CB7D-419C-B206-B52258F8298E}.Debug|Any CPU.Build.0 = Debug|Any CPU
		{45987A30-CB7D-419C-B206-B52258F8298E}.Release|Any CPU.ActiveCfg = Release|Any CPU
		{45987A30-CB7D-419C-B206-B52258F8298E}.Release|Any CPU.Build.0 = Release|Any CPU
	EndGlobalSection
	GlobalSection(SolutionProperties) = preSolution
		HideSolutionNode = FALSE
	EndGlobalSection
	GlobalSection(ExtensibilityGlobals) = postSolution
		SolutionGuid = {AAD029C2-A6F3-48FA-B6F3-913C83FE3C0D}
	EndGlobalSection
EndGlobal
